# generated by rye
# use `rye lock` or `rye sync` to update this lockfile
#
# last locked with the following flags:
#   pre: false
#   features: []
#   all-features: false
#   with-sources: false
#   generate-hashes: false
#   universal: false

-e file:.
absl-py==2.2.2
    # via keras
    # via tensorboard
    # via tensorflow
astunparse==1.6.3
    # via tensorflow
audioread==3.0.1
    # via librosa
certifi==2025.4.26
    # via requests
cffi==1.17.1
    # via sounddevice
    # via soundfile
charset-normalizer==3.4.2
    # via requests
decorator==5.2.1
    # via librosa
flatbuffers==25.2.10
    # via tensorflow
gast==0.6.0
    # via tensorflow
google-pasta==0.2.0
    # via tensorflow
grpcio==1.71.0
    # via tensorboard
    # via tensorflow
h5py==3.13.0
    # via keras
    # via tensorflow
idna==3.10
    # via requests
joblib==1.5.0
    # via librosa
    # via scikit-learn
keras==3.9.2
    # via tensorflow
lazy-loader==0.4
    # via librosa
libclang==18.1.1
    # via tensorflow
librosa==0.11.0
    # via wakeworddetection
llvmlite==0.44.0
    # via numba
markdown==3.8
    # via tensorboard
markdown-it-py==3.0.0
    # via rich
markupsafe==3.0.2
    # via werkzeug
mdurl==0.1.2
    # via markdown-it-py
ml-dtypes==0.5.1
    # via keras
    # via tensorflow
msgpack==1.1.0
    # via librosa
namex==0.0.9
    # via keras
numba==0.61.2
    # via librosa
numpy==2.1.3
    # via h5py
    # via keras
    # via librosa
    # via ml-dtypes
    # via numba
    # via scikit-learn
    # via scipy
    # via soundfile
    # via soxr
    # via tensorboard
    # via tensorflow
    # via wakeworddetection
opt-einsum==3.4.0
    # via tensorflow
optree==0.15.0
    # via keras
packaging==25.0
    # via keras
    # via lazy-loader
    # via pooch
    # via tensorboard
    # via tensorflow
platformdirs==4.3.8
    # via pooch
pooch==1.8.2
    # via librosa
protobuf==5.29.4
    # via tensorboard
    # via tensorflow
pyaudio==0.2.14
    # via wakeworddetection
pycparser==2.22
    # via cffi
pygments==2.19.1
    # via rich
requests==2.32.3
    # via pooch
    # via tensorflow
rich==14.0.0
    # via keras
scikit-learn==1.6.1
    # via librosa
scipy==1.15.3
    # via librosa
    # via scikit-learn
setuptools==80.7.1
    # via tensorboard
    # via tensorflow
six==1.17.0
    # via astunparse
    # via google-pasta
    # via tensorboard
    # via tensorflow
sounddevice==0.5.1
    # via wakeworddetection
soundfile==0.13.1
    # via librosa
    # via wakeworddetection
soxr==0.5.0.post1
    # via librosa
tensorboard==2.19.0
    # via tensorflow
tensorboard-data-server==0.7.2
    # via tensorboard
tensorflow==2.19.0
    # via wakeworddetection
termcolor==3.1.0
    # via tensorflow
threadpoolctl==3.6.0
    # via scikit-learn
typing-extensions==4.13.2
    # via librosa
    # via optree
    # via tensorflow
urllib3==2.4.0
    # via requests
werkzeug==3.1.3
    # via tensorboard
wheel==0.45.1
    # via astunparse
wrapt==1.17.2
    # via tensorflow
